# This file is automatically @generated by Cargo.
# It is not intended for manual editing.
version = 4

[[package]]
name = "aeryon-acquisition"
version = "0.1.0"

[[package]]
name = "aeryon-calibration"
version = "0.1.0"

[[package]]
name = "aeryon-cli"
version = "0.1.0"
dependencies = [
 "aeryon-config",
 "aeryon-plugins",
]

[[package]]
name = "aeryon-config"
version = "0.1.0"

[[package]]
name = "aeryon-domain"
version = "0.1.0"

[[package]]
name = "aeryon-dsp"
version = "0.1.0"

[[package]]
name = "aeryon-events"
version = "0.1.0"

[[package]]
name = "aeryon-features"
version = "0.1.0"

[[package]]
name = "aeryon-inference"
version = "0.1.0"

[[package]]
name = "aeryon-perception"
version = "0.1.0"

[[package]]
name = "aeryon-plugin-runtime"
version = "0.1.0"

[[package]]
name = "aeryon-plugins"
version = "0.1.0"

[[package]]
name = "aeryon-server"
version = "0.1.0"
dependencies = [
 "aeryon-config",
 "aeryon-events",
]

[[package]]
name = "aeryon-storage"
version = "0.1.0"

[[package]]
name = "aeryon-world"
version = "0.1.0"
